PODS:
  - AFNetworking (2.5.4):
    - AFNetworking/NSURLConnection (= 2.5.4)
    - AFNetworking/NSURLSession (= 2.5.4)
    - AFNetworking/Reachability (= 2.5.4)
    - AFNetworking/Security (= 2.5.4)
    - AFNetworking/Serialization (= 2.5.4)
    - AFNetworking/UIKit (= 2.5.4)
  - AFNetworking/NSURLConnection (2.5.4):
    - AFNetworking/Reachability
    - AFNetworking/Security
    - AFNetworking/Serialization
  - AFNetworking/NSURLSession (2.5.4):
    - AFNetworking/Reachability
    - AFNetworking/Security
    - AFNetworking/Serialization
  - AFNetworking/Reachability (2.5.4)
  - AFNetworking/Security (2.5.4)
  - AFNetworking/Serialization (2.5.4)
  - AFNetworking/UIKit (2.5.4):
    - AFNetworking/NSURLConnection
    - AFNetworking/NSURLSession
  - ARChromeActivity (1.0.2)
  - FMDB (2.5):
    - FMDB/standard (= 2.5)
  - FMDB/common (2.5)
  - FMDB/standard (2.5):
    - FMDB/common
  - KINWebBrowser (1.2.5):
    - ARChromeActivity (= 1.0.2)
    - TUSafariActivity (= 1.0.2)
  - Masonry (0.6.1)
  - MBProgressHUD (0.9.1)
  - SDWebImage (3.7.2):
    - SDWebImage/Core (= 3.7.2)
  - SDWebImage/Core (3.7.2)
  - SSKeychain (1.2.3)
  - TUSafariActivity (1.0.2)

DEPENDENCIES:
  - AFNetworking (~> 2.0)
  - FMDB
  - KINWebBrowser
  - Masonry
  - MBProgressHUD (~> 0.9.1)
  - SDWebImage (~> 3.7)
  - SSKeychain

SPEC CHECKSUMS:
  AFNetworking: 05edc0ac4c4c8cf57bcf4b84be5b0744b6d8e71e
  ARChromeActivity: 6488aedc8dd0624b103ea8caf6218e52692aaf77
  FMDB: 96e8f1bcc1329e269330f99770ad4285d9003e52
  KINWebBrowser: 773e75882717d735cc37772cf71d5eb2b28554fe
  Masonry: 4972309f2f134de9dd312f4dc4a21359b50e6caa
  MBProgressHUD: c47f2c166c126cf2ce36498d80f33e754d4e93ad
  SDWebImage: 71b7cdc1d1721d6a82ed62889030225f2c249e29
  SSKeychain: 3f42991739c6c60a9cf1bbd4dff6c0d3694bcf3d
  TUSafariActivity: 32e3e5dc9123e5533a42d41e1c3246d12911a4a2

COCOAPODS: 0.37.2
